
Microsoft Visual Studio Solution File, Format Version 12.00
# Visual Studio Version 17
VisualStudioVersion = 17.1.32421.90
MinimumVisualStudioVersion = 10.0.40219.1
Project("{FAE04EC0-301F-11D3-BF4B-00C04F79EFBC}") = "Sten-saks-papir", "Sten-saks-papir\Sten-saks-papir.csproj", "{FE5348A7-7C17-4067-97DD-49C054A35483}"
EndProject
Project("{FAE04EC0-301F-11D3-BF4B-00C04F79EFBC}") = "Sten-saks-papir-tests", "Sten-saks-papir-tests\Sten-saks-papir-tests.csproj", "{984B27B4-0FBF-4CF2-80CC-AC467EFF9A2F}"
EndProject
Global
	GlobalSection(SolutionConfigurationPlatforms) = preSolution
		Debug|Any CPU = Debug|Any CPU
		Release|Any CPU = Release|Any CPU
	EndGlobalSection
	GlobalSection(ProjectConfigurationPlatforms) = postSolution
		{FE5348A7-7C17-4067-97DD-49C054A35483}.Debug|Any CPU.ActiveCfg = Debug|Any CPU
		{FE5348A7-7C17-4067-97DD-49C054A35483}.Debug|Any CPU.Build.0 = Debug|Any CPU
		{FE5348A7-7C17-4067-97DD-49C054A35483}.Release|Any CPU.ActiveCfg = Release|Any CPU
		{FE5348A7-7C17-4067-97DD-49C054A35483}.Release|Any CPU.Build.0 = Release|Any CPU
		{984B27B4-0FBF-4CF2-80CC-AC467EFF9A2F}.Debug|Any CPU.ActiveCfg = Debug|Any CPU
		{984B27B4-0FBF-4CF2-80CC-AC467EFF9A2F}.Debug|Any CPU.Build.0 = Debug|Any CPU
		{984B27B4-0FBF-4CF2-80CC-AC467EFF9A2F}.Release|Any CPU.ActiveCfg = Release|Any CPU
		{984B27B4-0FBF-4CF2-80CC-AC467EFF9A2F}.Release|Any CPU.Build.0 = Release|Any CPU
	EndGlobalSection
	GlobalSection(SolutionProperties) = preSolution
		HideSolutionNode = FALSE
	EndGlobalSection
	GlobalSection(ExtensibilityGlobals) = postSolution
		SolutionGuid = {98479D46-BBAA-42B0-9390-2265CD1EE397}
	EndGlobalSection
EndGlobal
